
Microsoft Visual Studio Solution File, Format Version 12.00
# Visual Studio Version 17
VisualStudioVersion = 17.6.33723.286
MinimumVisualStudioVersion = 10.0.40219.1
Project("{8BC9CEB8-8B4A-11D0-8D11-00A0C91BC942}") = "SFML_Tutorial", "SFML_Tutorial.vcxproj", "{4B4FE00C-3E65-42C6-8252-249B1A44802C}"
EndProject
Global
	GlobalSection(SolutionConfigurationPlatforms) = preSolution
		Debug|x64 = Debug|x64
		Debug|x86 = Debug|x86
		Release|x64 = Release|x64
		Release|x86 = Release|x86
	EndGlobalSection
	GlobalSection(ProjectConfigurationPlatforms) = postSolution
		{4B4FE00C-3E65-42C6-8252-249B1A44802C}.Debug|x64.ActiveCfg = Debug|x64
		{4B4FE00C-3E65-42C6-8252-249B1A44802C}.Debug|x64.Build.0 = Debug|x64
		{4B4FE00C-3E65-42C6-8252-249B1A44802C}.Debug|x86.ActiveCfg = Debug|Win32
		{4B4FE00C-3E65-42C6-8252-249B1A44802C}.Debug|x86.Build.0 = Debug|Win32
		{4B4FE00C-3E65-42C6-8252-249B1A44802C}.Release|x64.ActiveCfg = Release|x64
		{4B4FE00C-3E65-42C6-8252-249B1A44802C}.Release|x64.Build.0 = Release|x64
		{4B4FE00C-3E65-42C6-8252-249B1A44802C}.Release|x86.ActiveCfg = Release|Win32
		{4B4FE00C-3E65-42C6-8252-249B1A44802C}.Release|x86.Build.0 = Release|Win32
	EndGlobalSection
	GlobalSection(SolutionProperties) = preSolution
		HideSolutionNode = FALSE
	EndGlobalSection
	GlobalSection(ExtensibilityGlobals) = postSolution
		SolutionGuid = {4BC8050D-E34E-47E9-8CCB-1AE57F478C1C}
	EndGlobalSection
EndGlobal
